
Microsoft Visual Studio Solution File, Format Version 12.00
# Visual Studio Version 17
VisualStudioVersion = 17.2.32630.192
MinimumVisualStudioVersion = 10.0.40219.1
Project("{FAE04EC0-301F-11D3-BF4B-00C04F79EFBC}") = "FourPillarsOOP", "FourPillarsOOP.csproj", "{A63FEBD6-E760-4980-A3FB-AE2363DA7009}"
EndProject
Global
	GlobalSection(SolutionConfigurationPlatforms) = preSolution
		Debug|Any CPU = Debug|Any CPU
		Release|Any CPU = Release|Any CPU
	EndGlobalSection
	GlobalSection(ProjectConfigurationPlatforms) = postSolution
		{A63FEBD6-E760-4980-A3FB-AE2363DA7009}.Debug|Any CPU.ActiveCfg = Debug|Any CPU
		{A63FEBD6-E760-4980-A3FB-AE2363DA7009}.Debug|Any CPU.Build.0 = Debug|Any CPU
		{A63FEBD6-E760-4980-A3FB-AE2363DA7009}.Release|Any CPU.ActiveCfg = Release|Any CPU
		{A63FEBD6-E760-4980-A3FB-AE2363DA7009}.Release|Any CPU.Build.0 = Release|Any CPU
	EndGlobalSection
	GlobalSection(SolutionProperties) = preSolution
		HideSolutionNode = FALSE
	EndGlobalSection
	GlobalSection(ExtensibilityGlobals) = postSolution
		SolutionGuid = {A2EDFD24-7416-4CDE-94CF-D66141057E29}
	EndGlobalSection
EndGlobal
